<?xml version="1.0" encoding="utf-8"?>
<Project ToolsVersion="15.0" xmlns="http://schemas.microsoft.com/developer/msbuild/2003">
  <ItemGroup>
    <ClCompile Include="C:\Users\Marty\Desktop\crashrpt2-master\reporting\crashsender\AssyncNotification.cpp">
      <Filter>Source Files</Filter>
    </ClCompile>
    <ClCompile Include="C:\Users\Marty\Desktop\crashrpt2-master\reporting\crashsender\CrashInfoReader.cpp">
      <Filter>Source Files</Filter>
    </ClCompile>
    <ClCompile Include="C:\Users\Marty\Desktop\crashrpt2-master\reporting\crashsender\CrashSender.cpp">
      <Filter>Source Files</Filter>
    </ClCompile>
    <ClCompile Include="C:\Users\Marty\Desktop\crashrpt2-master\reporting\crashsender\DetailDlg.cpp">
      <Filter>Source Files</Filter>
    </ClCompile>
    <ClCompile Include="C:\Users\Marty\Desktop\crashrpt2-master\reporting\crashsender\ErrorReportDlg.cpp">
      <Filter>Source Files</Filter>
    </ClCompile>
    <ClCompile Include="C:\Users\Marty\Desktop\crashrpt2-master\reporting\crashsender\ErrorReportSender.cpp">
      <Filter>Source Files</Filter>
    </ClCompile>
    <ClCompile Include="C:\Users\Marty\Desktop\crashrpt2-master\reporting\crashsender\FilePreviewCtrl.cpp">
      <Filter>Source Files</Filter>
    </ClCompile>
    <ClCompile Include="C:\Users\Marty\Desktop\crashrpt2-master\reporting\crashsender\HttpRequestSender.cpp">
      <Filter>Source Files</Filter>
    </ClCompile>
    <ClCompile Include="C:\Users\Marty\Desktop\crashrpt2-master\reporting\crashsender\MailMsg.cpp">
      <Filter>Source Files</Filter>
    </ClCompile>
    <ClCompile Include="C:\Users\Marty\Desktop\crashrpt2-master\reporting\crashsender\ProgressDlg.cpp">
      <Filter>Source Files</Filter>
    </ClCompile>
    <ClCompile Include="C:\Users\Marty\Desktop\crashrpt2-master\reporting\crashsender\ResendDlg.cpp">
      <Filter>Source Files</Filter>
    </ClCompile>
    <ClCompile Include="C:\Users\Marty\Desktop\crashrpt2-master\reporting\crashsender\ScreenCap.cpp">
      <Filter>Source Files</Filter>
    </ClCompile>
    <ClCompile Include="C:\Users\Marty\Desktop\crashrpt2-master\reporting\crashsender\VideoRec.cpp">
      <Filter>Source Files</Filter>
    </ClCompile>
    <ClCompile Include="C:\Users\Marty\Desktop\crashrpt2-master\reporting\crashsender\VideoRecDlg.cpp">
      <Filter>Source Files</Filter>
    </ClCompile>
    <ClCompile Include="C:\Users\Marty\Desktop\crashrpt2-master\reporting\crashsender\base64.cpp">
      <Filter>Source Files</Filter>
    </ClCompile>
    <ClCompile Include="C:\Users\Marty\Desktop\crashrpt2-master\reporting\crashsender\md5.cpp">
      <Filter>Source Files</Filter>
    </ClCompile>
    <ClCompile Include="C:\Users\Marty\Desktop\crashrpt2-master\reporting\crashsender\smtpclient.cpp">
      <Filter>Source Files</Filter>
    </ClCompile>
    <ClCompile Include="C:\Users\Marty\Desktop\crashrpt2-master\reporting\crashsender\stdafx.cpp">
      <Filter>Source Files</Filter>
    </ClCompile>
    <ClCompile Include="C:\Users\Marty\Desktop\crashrpt2-master\reporting\crashrpt\Utility.cpp">
      <Filter>Source Files</Filter>
    </ClCompile>
    <ClCompile Include="C:\Users\Marty\Desktop\crashrpt2-master\reporting\crashrpt\SharedMem.cpp">
      <Filter>Source Files</Filter>
    </ClCompile>
  </ItemGroup>
  <ItemGroup>
    <ClInclude Include="C:\Users\Marty\Desktop\crashrpt2-master\reporting\crashsender\AssyncNotification.h">
      <Filter>Header Files</Filter>
    </ClInclude>
    <ClInclude Include="C:\Users\Marty\Desktop\crashrpt2-master\reporting\crashsender\CrashInfoReader.h">
      <Filter>Header Files</Filter>
    </ClInclude>
    <ClInclude Include="C:\Users\Marty\Desktop\crashrpt2-master\reporting\crashsender\DetailDlg.h">
      <Filter>Header Files</Filter>
    </ClInclude>
    <ClInclude Include="C:\Users\Marty\Desktop\crashrpt2-master\reporting\crashsender\ErrorReportDlg.h">
      <Filter>Header Files</Filter>
    </ClInclude>
    <ClInclude Include="C:\Users\Marty\Desktop\crashrpt2-master\reporting\crashsender\ErrorReportSender.h">
      <Filter>Header Files</Filter>
    </ClInclude>
    <ClInclude Include="C:\Users\Marty\Desktop\crashrpt2-master\reporting\crashsender\FilePreviewCtrl.h">
      <Filter>Header Files</Filter>
    </ClInclude>
    <ClInclude Include="C:\Users\Marty\Desktop\crashrpt2-master\reporting\crashsender\HttpRequestSender.h">
      <Filter>Header Files</Filter>
    </ClInclude>
    <ClInclude Include="C:\Users\Marty\Desktop\crashrpt2-master\reporting\crashsender\MailMsg.h">
      <Filter>Header Files</Filter>
    </ClInclude>
    <ClInclude Include="C:\Users\Marty\Desktop\crashrpt2-master\reporting\crashsender\ProgressDlg.h">
      <Filter>Header Files</Filter>
    </ClInclude>
    <ClInclude Include="C:\Users\Marty\Desktop\crashrpt2-master\reporting\crashsender\ResendDlg.h">
      <Filter>Header Files</Filter>
    </ClInclude>
    <ClInclude Include="C:\Users\Marty\Desktop\crashrpt2-master\reporting\crashsender\ScreenCap.h">
      <Filter>Header Files</Filter>
    </ClInclude>
    <ClInclude Include="C:\Users\Marty\Desktop\crashrpt2-master\reporting\crashsender\SequenceLayout.h">
      <Filter>Header Files</Filter>
    </ClInclude>
    <ClInclude Include="C:\Users\Marty\Desktop\crashrpt2-master\reporting\crashsender\VideoRec.h">
      <Filter>Header Files</Filter>
    </ClInclude>
    <ClInclude Include="C:\Users\Marty\Desktop\crashrpt2-master\reporting\crashsender\VideoRecDlg.h">
      <Filter>Header Files</Filter>
    </ClInclude>
    <ClInclude Include="C:\Users\Marty\Desktop\crashrpt2-master\reporting\crashsender\base64.h">
      <Filter>Header Files</Filter>
    </ClInclude>
    <ClInclude Include="C:\Users\Marty\Desktop\crashrpt2-master\reporting\crashsender\md5.h">
      <Filter>Header Files</Filter>
    </ClInclude>
    <ClInclude Include="C:\Users\Marty\Desktop\crashrpt2-master\reporting\crashsender\resource.h">
      <Filter>Header Files</Filter>
    </ClInclude>
    <ClInclude Include="C:\Users\Marty\Desktop\crashrpt2-master\reporting\crashsender\smtpclient.h">
      <Filter>Header Files</Filter>
    </ClInclude>
    <ClInclude Include="C:\Users\Marty\Desktop\crashrpt2-master\reporting\crashsender\stdafx.h">
      <Filter>Header Files</Filter>
    </ClInclude>
  </ItemGroup>
  <ItemGroup>
    <CustomBuild Include="C:\Users\Marty\Desktop\crashrpt2-master\reporting\crashsender\CMakeLists.txt" />
  </ItemGroup>
  <ItemGroup>
    <ResourceCompile Include="C:\Users\Marty\Desktop\crashrpt2-master\reporting\crashsender\CrashSender.rc">
      <Filter>Source Files</Filter>
    </ResourceCompile>
  </ItemGroup>
  <ItemGroup>
    <Filter Include="Header Files">
      <UniqueIdentifier>{C3D22638-6403-3335-B2D0-AB14ED450640}</UniqueIdentifier>
    </Filter>
    <Filter Include="Source Files">
      <UniqueIdentifier>{0B77425C-EBF9-3C79-85D5-ECCD1C924DAB}</UniqueIdentifier>
    </Filter>
  </ItemGroup>
</Project>
