Microsoft Visual Studio Solution File, Format Version 12.00
# Visual Studio 15
Project("{8BC9CEB8-8B4A-11D0-8D11-00A0C91BC942}") = "ALL_BUILD", "ALL_BUILD.vcxproj", "{D5AD9913-BFC1-37F8-9FAD-82CB3A7CFD9D}"
	ProjectSection(ProjectDependencies) = postProject
		{2EE492FD-0DC5-3885-A426-F01514E64B85} = {2EE492FD-0DC5-3885-A426-F01514E64B85}
		{D71D1A30-2628-3496-8FDD-77AE3168E157} = {D71D1A30-2628-3496-8FDD-77AE3168E157}
	EndProjectSection
EndProject
Project("{8BC9CEB8-8B4A-11D0-8D11-00A0C91BC942}") = "CrashSender", "CrashSender.vcxproj", "{2EE492FD-0DC5-3885-A426-F01514E64B85}"
	ProjectSection(ProjectDependencies) = postProject
		{D71D1A30-2628-3496-8FDD-77AE3168E157} = {D71D1A30-2628-3496-8FDD-77AE3168E157}
		{ED577403-DC35-3D8B-A3F5-A2395C3A3E14} = {ED577403-DC35-3D8B-A3F5-A2395C3A3E14}
		{176A386C-1CBC-3E17-B8D8-40296367062A} = {176A386C-1CBC-3E17-B8D8-40296367062A}
		{3C18E39A-C48F-3381-BE36-6D00AE232B88} = {3C18E39A-C48F-3381-BE36-6D00AE232B88}
		{DE4DFC8A-CD74-33CC-B02C-DAD88BE76688} = {DE4DFC8A-CD74-33CC-B02C-DAD88BE76688}
		{4F1B80BD-202A-3700-820B-FCEC9BD424C9} = {4F1B80BD-202A-3700-820B-FCEC9BD424C9}
		{17D0819E-5077-3E09-A89B-7A0093E8F58F} = {17D0819E-5077-3E09-A89B-7A0093E8F58F}
		{250A0BD2-91F4-3C89-B3B6-D8A3D56126A2} = {250A0BD2-91F4-3C89-B3B6-D8A3D56126A2}
	EndProjectSection
EndProject
Project("{8BC9CEB8-8B4A-11D0-8D11-00A0C91BC942}") = "INSTALL", "INSTALL.vcxproj", "{1909D879-E6C8-39D8-9EDD-98BA07DF54A0}"
	ProjectSection(ProjectDependencies) = postProject
		{D5AD9913-BFC1-37F8-9FAD-82CB3A7CFD9D} = {D5AD9913-BFC1-37F8-9FAD-82CB3A7CFD9D}
		{D71D1A30-2628-3496-8FDD-77AE3168E157} = {D71D1A30-2628-3496-8FDD-77AE3168E157}
	EndProjectSection
EndProject
Project("{8BC9CEB8-8B4A-11D0-8D11-00A0C91BC942}") = "ZERO_CHECK", "..\..\\ZERO_CHECK.vcxproj", "{D71D1A30-2628-3496-8FDD-77AE3168E157}"
	ProjectSection(ProjectDependencies) = postProject
	EndProjectSection
EndProject
Project("{8BC9CEB8-8B4A-11D0-8D11-00A0C91BC942}") = "libjpeg", "..\..\thirdparty\jpeg\libjpeg.vcxproj", "{ED577403-DC35-3D8B-A3F5-A2395C3A3E14}"
	ProjectSection(ProjectDependencies) = postProject
		{D71D1A30-2628-3496-8FDD-77AE3168E157} = {D71D1A30-2628-3496-8FDD-77AE3168E157}
	EndProjectSection
EndProject
Project("{8BC9CEB8-8B4A-11D0-8D11-00A0C91BC942}") = "libogg", "..\..\thirdparty\libogg\libogg.vcxproj", "{176A386C-1CBC-3E17-B8D8-40296367062A}"
	ProjectSection(ProjectDependencies) = postProject
		{D71D1A30-2628-3496-8FDD-77AE3168E157} = {D71D1A30-2628-3496-8FDD-77AE3168E157}
	EndProjectSection
EndProject
Project("{8BC9CEB8-8B4A-11D0-8D11-00A0C91BC942}") = "libpng", "..\..\thirdparty\libpng\libpng.vcxproj", "{3C18E39A-C48F-3381-BE36-6D00AE232B88}"
	ProjectSection(ProjectDependencies) = postProject
		{D71D1A30-2628-3496-8FDD-77AE3168E157} = {D71D1A30-2628-3496-8FDD-77AE3168E157}
		{250A0BD2-91F4-3C89-B3B6-D8A3D56126A2} = {250A0BD2-91F4-3C89-B3B6-D8A3D56126A2}
	EndProjectSection
EndProject
Project("{8BC9CEB8-8B4A-11D0-8D11-00A0C91BC942}") = "libtheora", "..\..\thirdparty\libtheora\libtheora.vcxproj", "{DE4DFC8A-CD74-33CC-B02C-DAD88BE76688}"
	ProjectSection(ProjectDependencies) = postProject
		{D71D1A30-2628-3496-8FDD-77AE3168E157} = {D71D1A30-2628-3496-8FDD-77AE3168E157}
	EndProjectSection
EndProject
Project("{8BC9CEB8-8B4A-11D0-8D11-00A0C91BC942}") = "minizip", "..\..\thirdparty\minizip\minizip.vcxproj", "{4F1B80BD-202A-3700-820B-FCEC9BD424C9}"
	ProjectSection(ProjectDependencies) = postProject
		{D71D1A30-2628-3496-8FDD-77AE3168E157} = {D71D1A30-2628-3496-8FDD-77AE3168E157}
		{250A0BD2-91F4-3C89-B3B6-D8A3D56126A2} = {250A0BD2-91F4-3C89-B3B6-D8A3D56126A2}
	EndProjectSection
EndProject
Project("{8BC9CEB8-8B4A-11D0-8D11-00A0C91BC942}") = "tinyxml", "..\..\thirdparty\tinyxml\tinyxml.vcxproj", "{17D0819E-5077-3E09-A89B-7A0093E8F58F}"
	ProjectSection(ProjectDependencies) = postProject
		{D71D1A30-2628-3496-8FDD-77AE3168E157} = {D71D1A30-2628-3496-8FDD-77AE3168E157}
	EndProjectSection
EndProject
Project("{8BC9CEB8-8B4A-11D0-8D11-00A0C91BC942}") = "zlib", "..\..\thirdparty\zlib\zlib.vcxproj", "{250A0BD2-91F4-3C89-B3B6-D8A3D56126A2}"
	ProjectSection(ProjectDependencies) = postProject
		{D71D1A30-2628-3496-8FDD-77AE3168E157} = {D71D1A30-2628-3496-8FDD-77AE3168E157}
	EndProjectSection
EndProject
Global
	GlobalSection(SolutionConfigurationPlatforms) = preSolution
		Debug|Win32 = Debug|Win32
		Release|Win32 = Release|Win32
		MinSizeRel|Win32 = MinSizeRel|Win32
		RelWithDebInfo|Win32 = RelWithDebInfo|Win32
	EndGlobalSection
	GlobalSection(ProjectConfigurationPlatforms) = postSolution
		{D5AD9913-BFC1-37F8-9FAD-82CB3A7CFD9D}.Debug|Win32.ActiveCfg = Debug|Win32
		{D5AD9913-BFC1-37F8-9FAD-82CB3A7CFD9D}.Debug|Win32.Build.0 = Debug|Win32
		{D5AD9913-BFC1-37F8-9FAD-82CB3A7CFD9D}.Release|Win32.ActiveCfg = Release|Win32
		{D5AD9913-BFC1-37F8-9FAD-82CB3A7CFD9D}.Release|Win32.Build.0 = Release|Win32
		{D5AD9913-BFC1-37F8-9FAD-82CB3A7CFD9D}.MinSizeRel|Win32.ActiveCfg = MinSizeRel|Win32
		{D5AD9913-BFC1-37F8-9FAD-82CB3A7CFD9D}.MinSizeRel|Win32.Build.0 = MinSizeRel|Win32
		{D5AD9913-BFC1-37F8-9FAD-82CB3A7CFD9D}.RelWithDebInfo|Win32.ActiveCfg = RelWithDebInfo|Win32
		{D5AD9913-BFC1-37F8-9FAD-82CB3A7CFD9D}.RelWithDebInfo|Win32.Build.0 = RelWithDebInfo|Win32
		{2EE492FD-0DC5-3885-A426-F01514E64B85}.Debug|Win32.ActiveCfg = Debug|Win32
		{2EE492FD-0DC5-3885-A426-F01514E64B85}.Debug|Win32.Build.0 = Debug|Win32
		{2EE492FD-0DC5-3885-A426-F01514E64B85}.Release|Win32.ActiveCfg = Release|Win32
		{2EE492FD-0DC5-3885-A426-F01514E64B85}.Release|Win32.Build.0 = Release|Win32
		{2EE492FD-0DC5-3885-A426-F01514E64B85}.MinSizeRel|Win32.ActiveCfg = MinSizeRel|Win32
		{2EE492FD-0DC5-3885-A426-F01514E64B85}.MinSizeRel|Win32.Build.0 = MinSizeRel|Win32
		{2EE492FD-0DC5-3885-A426-F01514E64B85}.RelWithDebInfo|Win32.ActiveCfg = RelWithDebInfo|Win32
		{2EE492FD-0DC5-3885-A426-F01514E64B85}.RelWithDebInfo|Win32.Build.0 = RelWithDebInfo|Win32
		{1909D879-E6C8-39D8-9EDD-98BA07DF54A0}.Debug|Win32.ActiveCfg = Debug|Win32
		{1909D879-E6C8-39D8-9EDD-98BA07DF54A0}.Release|Win32.ActiveCfg = Release|Win32
		{1909D879-E6C8-39D8-9EDD-98BA07DF54A0}.MinSizeRel|Win32.ActiveCfg = MinSizeRel|Win32
		{1909D879-E6C8-39D8-9EDD-98BA07DF54A0}.RelWithDebInfo|Win32.ActiveCfg = RelWithDebInfo|Win32
		{D71D1A30-2628-3496-8FDD-77AE3168E157}.Debug|Win32.ActiveCfg = Debug|Win32
		{D71D1A30-2628-3496-8FDD-77AE3168E157}.Debug|Win32.Build.0 = Debug|Win32
		{D71D1A30-2628-3496-8FDD-77AE3168E157}.Release|Win32.ActiveCfg = Release|Win32
		{D71D1A30-2628-3496-8FDD-77AE3168E157}.Release|Win32.Build.0 = Release|Win32
		{D71D1A30-2628-3496-8FDD-77AE3168E157}.MinSizeRel|Win32.ActiveCfg = MinSizeRel|Win32
		{D71D1A30-2628-3496-8FDD-77AE3168E157}.MinSizeRel|Win32.Build.0 = MinSizeRel|Win32
		{D71D1A30-2628-3496-8FDD-77AE3168E157}.RelWithDebInfo|Win32.ActiveCfg = RelWithDebInfo|Win32
		{D71D1A30-2628-3496-8FDD-77AE3168E157}.RelWithDebInfo|Win32.Build.0 = RelWithDebInfo|Win32
		{ED577403-DC35-3D8B-A3F5-A2395C3A3E14}.Debug|Win32.ActiveCfg = Debug|Win32
		{ED577403-DC35-3D8B-A3F5-A2395C3A3E14}.Debug|Win32.Build.0 = Debug|Win32
		{ED577403-DC35-3D8B-A3F5-A2395C3A3E14}.Release|Win32.ActiveCfg = Release|Win32
		{ED577403-DC35-3D8B-A3F5-A2395C3A3E14}.Release|Win32.Build.0 = Release|Win32
		{ED577403-DC35-3D8B-A3F5-A2395C3A3E14}.MinSizeRel|Win32.ActiveCfg = MinSizeRel|Win32
		{ED577403-DC35-3D8B-A3F5-A2395C3A3E14}.MinSizeRel|Win32.Build.0 = MinSizeRel|Win32
		{ED577403-DC35-3D8B-A3F5-A2395C3A3E14}.RelWithDebInfo|Win32.ActiveCfg = RelWithDebInfo|Win32
		{ED577403-DC35-3D8B-A3F5-A2395C3A3E14}.RelWithDebInfo|Win32.Build.0 = RelWithDebInfo|Win32
		{176A386C-1CBC-3E17-B8D8-40296367062A}.Debug|Win32.ActiveCfg = Debug|Win32
		{176A386C-1CBC-3E17-B8D8-40296367062A}.Debug|Win32.Build.0 = Debug|Win32
		{176A386C-1CBC-3E17-B8D8-40296367062A}.Release|Win32.ActiveCfg = Release|Win32
		{176A386C-1CBC-3E17-B8D8-40296367062A}.Release|Win32.Build.0 = Release|Win32
		{176A386C-1CBC-3E17-B8D8-40296367062A}.MinSizeRel|Win32.ActiveCfg = MinSizeRel|Win32
		{176A386C-1CBC-3E17-B8D8-40296367062A}.MinSizeRel|Win32.Build.0 = MinSizeRel|Win32
		{176A386C-1CBC-3E17-B8D8-40296367062A}.RelWithDebInfo|Win32.ActiveCfg = RelWithDebInfo|Win32
		{176A386C-1CBC-3E17-B8D8-40296367062A}.RelWithDebInfo|Win32.Build.0 = RelWithDebInfo|Win32
		{3C18E39A-C48F-3381-BE36-6D00AE232B88}.Debug|Win32.ActiveCfg = Debug|Win32
		{3C18E39A-C48F-3381-BE36-6D00AE232B88}.Debug|Win32.Build.0 = Debug|Win32
		{3C18E39A-C48F-3381-BE36-6D00AE232B88}.Release|Win32.ActiveCfg = Release|Win32
		{3C18E39A-C48F-3381-BE36-6D00AE232B88}.Release|Win32.Build.0 = Release|Win32
		{3C18E39A-C48F-3381-BE36-6D00AE232B88}.MinSizeRel|Win32.ActiveCfg = MinSizeRel|Win32
		{3C18E39A-C48F-3381-BE36-6D00AE232B88}.MinSizeRel|Win32.Build.0 = MinSizeRel|Win32
		{3C18E39A-C48F-3381-BE36-6D00AE232B88}.RelWithDebInfo|Win32.ActiveCfg = RelWithDebInfo|Win32
		{3C18E39A-C48F-3381-BE36-6D00AE232B88}.RelWithDebInfo|Win32.Build.0 = RelWithDebInfo|Win32
		{DE4DFC8A-CD74-33CC-B02C-DAD88BE76688}.Debug|Win32.ActiveCfg = Debug|Win32
		{DE4DFC8A-CD74-33CC-B02C-DAD88BE76688}.Debug|Win32.Build.0 = Debug|Win32
		{DE4DFC8A-CD74-33CC-B02C-DAD88BE76688}.Release|Win32.ActiveCfg = Release|Win32
		{DE4DFC8A-CD74-33CC-B02C-DAD88BE76688}.Release|Win32.Build.0 = Release|Win32
		{DE4DFC8A-CD74-33CC-B02C-DAD88BE76688}.MinSizeRel|Win32.ActiveCfg = MinSizeRel|Win32
		{DE4DFC8A-CD74-33CC-B02C-DAD88BE76688}.MinSizeRel|Win32.Build.0 = MinSizeRel|Win32
		{DE4DFC8A-CD74-33CC-B02C-DAD88BE76688}.RelWithDebInfo|Win32.ActiveCfg = RelWithDebInfo|Win32
		{DE4DFC8A-CD74-33CC-B02C-DAD88BE76688}.RelWithDebInfo|Win32.Build.0 = RelWithDebInfo|Win32
		{4F1B80BD-202A-3700-820B-FCEC9BD424C9}.Debug|Win32.ActiveCfg = Debug|Win32
		{4F1B80BD-202A-3700-820B-FCEC9BD424C9}.Debug|Win32.Build.0 = Debug|Win32
		{4F1B80BD-202A-3700-820B-FCEC9BD424C9}.Release|Win32.ActiveCfg = Release|Win32
		{4F1B80BD-202A-3700-820B-FCEC9BD424C9}.Release|Win32.Build.0 = Release|Win32
		{4F1B80BD-202A-3700-820B-FCEC9BD424C9}.MinSizeRel|Win32.ActiveCfg = MinSizeRel|Win32
		{4F1B80BD-202A-3700-820B-FCEC9BD424C9}.MinSizeRel|Win32.Build.0 = MinSizeRel|Win32
		{4F1B80BD-202A-3700-820B-FCEC9BD424C9}.RelWithDebInfo|Win32.ActiveCfg = RelWithDebInfo|Win32
		{4F1B80BD-202A-3700-820B-FCEC9BD424C9}.RelWithDebInfo|Win32.Build.0 = RelWithDebInfo|Win32
		{17D0819E-5077-3E09-A89B-7A0093E8F58F}.Debug|Win32.ActiveCfg = Debug|Win32
		{17D0819E-5077-3E09-A89B-7A0093E8F58F}.Debug|Win32.Build.0 = Debug|Win32
		{17D0819E-5077-3E09-A89B-7A0093E8F58F}.Release|Win32.ActiveCfg = Release|Win32
		{17D0819E-5077-3E09-A89B-7A0093E8F58F}.Release|Win32.Build.0 = Release|Win32
		{17D0819E-5077-3E09-A89B-7A0093E8F58F}.MinSizeRel|Win32.ActiveCfg = MinSizeRel|Win32
		{17D0819E-5077-3E09-A89B-7A0093E8F58F}.MinSizeRel|Win32.Build.0 = MinSizeRel|Win32
		{17D0819E-5077-3E09-A89B-7A0093E8F58F}.RelWithDebInfo|Win32.ActiveCfg = RelWithDebInfo|Win32
		{17D0819E-5077-3E09-A89B-7A0093E8F58F}.RelWithDebInfo|Win32.Build.0 = RelWithDebInfo|Win32
		{250A0BD2-91F4-3C89-B3B6-D8A3D56126A2}.Debug|Win32.ActiveCfg = Debug|Win32
		{250A0BD2-91F4-3C89-B3B6-D8A3D56126A2}.Debug|Win32.Build.0 = Debug|Win32
		{250A0BD2-91F4-3C89-B3B6-D8A3D56126A2}.Release|Win32.ActiveCfg = Release|Win32
		{250A0BD2-91F4-3C89-B3B6-D8A3D56126A2}.Release|Win32.Build.0 = Release|Win32
		{250A0BD2-91F4-3C89-B3B6-D8A3D56126A2}.MinSizeRel|Win32.ActiveCfg = MinSizeRel|Win32
		{250A0BD2-91F4-3C89-B3B6-D8A3D56126A2}.MinSizeRel|Win32.Build.0 = MinSizeRel|Win32
		{250A0BD2-91F4-3C89-B3B6-D8A3D56126A2}.RelWithDebInfo|Win32.ActiveCfg = RelWithDebInfo|Win32
		{250A0BD2-91F4-3C89-B3B6-D8A3D56126A2}.RelWithDebInfo|Win32.Build.0 = RelWithDebInfo|Win32
	EndGlobalSection
	GlobalSection(ExtensibilityGlobals) = postSolution
		SolutionGuid = {A54F596A-6867-3750-9868-F160CBA90CB8}
	EndGlobalSection
	GlobalSection(ExtensibilityAddIns) = postSolution
	EndGlobalSection
EndGlobal
