<?xml version="1.0" encoding="utf-8"?>
<Project ToolsVersion="15.0" xmlns="http://schemas.microsoft.com/developer/msbuild/2003">
  <ItemGroup>
    <ClCompile Include="C:\Users\Marty\Desktop\crashrpt2-master\processing\crashrptprobe\CrashDescReader.cpp">
      <Filter>Source Files</Filter>
    </ClCompile>
    <ClCompile Include="C:\Users\Marty\Desktop\crashrpt2-master\processing\crashrptprobe\CrashRptProbe.cpp">
      <Filter>Source Files</Filter>
    </ClCompile>
    <ClCompile Include="C:\Users\Marty\Desktop\crashrpt2-master\processing\crashrptprobe\MinidumpReader.cpp">
      <Filter>Source Files</Filter>
    </ClCompile>
    <ClCompile Include="C:\Users\Marty\Desktop\crashrpt2-master\processing\crashrptprobe\stdafx.cpp">
      <Filter>Source Files</Filter>
    </ClCompile>
    <ClCompile Include="C:\Users\Marty\Desktop\crashrpt2-master\reporting\crashrpt\Utility.cpp">
      <Filter>Source Files</Filter>
    </ClCompile>
    <ClCompile Include="C:\Users\Marty\Desktop\crashrpt2-master\reporting\crashsender\md5.cpp">
      <Filter>Source Files</Filter>
    </ClCompile>
  </ItemGroup>
  <ItemGroup>
    <ClInclude Include="C:\Users\Marty\Desktop\crashrpt2-master\processing\crashrptprobe\CrashDescReader.h">
      <Filter>Header Files</Filter>
    </ClInclude>
    <ClInclude Include="C:\Users\Marty\Desktop\crashrpt2-master\processing\crashrptprobe\MinidumpReader.h">
      <Filter>Header Files</Filter>
    </ClInclude>
    <ClInclude Include="C:\Users\Marty\Desktop\crashrpt2-master\processing\crashrptprobe\resource.h">
      <Filter>Header Files</Filter>
    </ClInclude>
    <ClInclude Include="C:\Users\Marty\Desktop\crashrpt2-master\processing\crashrptprobe\stdafx.h">
      <Filter>Header Files</Filter>
    </ClInclude>
  </ItemGroup>
  <ItemGroup>
    <CustomBuild Include="C:\Users\Marty\Desktop\crashrpt2-master\processing\crashrptprobe\CMakeLists.txt" />
  </ItemGroup>
  <ItemGroup>
    <None Include="C:\Users\Marty\Desktop\crashrpt2-master\processing\crashrptprobe\CrashRptProbe.def">
      <Filter>Source Files</Filter>
    </None>
  </ItemGroup>
  <ItemGroup>
    <ResourceCompile Include="C:\Users\Marty\Desktop\crashrpt2-master\processing\crashrptprobe\CrashRptProbe.rc">
      <Filter>Source Files</Filter>
    </ResourceCompile>
  </ItemGroup>
  <ItemGroup>
    <Filter Include="Header Files">
      <UniqueIdentifier>{C3D22638-6403-3335-B2D0-AB14ED450640}</UniqueIdentifier>
    </Filter>
    <Filter Include="Source Files">
      <UniqueIdentifier>{0B77425C-EBF9-3C79-85D5-ECCD1C924DAB}</UniqueIdentifier>
    </Filter>
  </ItemGroup>
</Project>
