<?xml version="1.0" encoding="utf-8"?>
<Project ToolsVersion="15.0" xmlns="http://schemas.microsoft.com/developer/msbuild/2003">
  <ItemGroup>
    <ClCompile Include="C:\Users\Marty\Desktop\crashrpt2-master\demos\MFCDemo\ChildFrm.cpp">
      <Filter>Source Files</Filter>
    </ClCompile>
    <ClCompile Include="C:\Users\Marty\Desktop\crashrpt2-master\demos\MFCDemo\MFCDemo.cpp">
      <Filter>Source Files</Filter>
    </ClCompile>
    <ClCompile Include="C:\Users\Marty\Desktop\crashrpt2-master\demos\MFCDemo\MFCDemoDoc.cpp">
      <Filter>Source Files</Filter>
    </ClCompile>
    <ClCompile Include="C:\Users\Marty\Desktop\crashrpt2-master\demos\MFCDemo\MFCDemoView.cpp">
      <Filter>Source Files</Filter>
    </ClCompile>
    <ClCompile Include="C:\Users\Marty\Desktop\crashrpt2-master\demos\MFCDemo\MainFrm.cpp">
      <Filter>Source Files</Filter>
    </ClCompile>
    <ClCompile Include="C:\Users\Marty\Desktop\crashrpt2-master\demos\MFCDemo\stdafx.cpp">
      <Filter>Source Files</Filter>
    </ClCompile>
  </ItemGroup>
  <ItemGroup>
    <ClInclude Include="C:\Users\Marty\Desktop\crashrpt2-master\demos\MFCDemo\ChildFrm.h">
      <Filter>Header Files</Filter>
    </ClInclude>
    <ClInclude Include="C:\Users\Marty\Desktop\crashrpt2-master\demos\MFCDemo\MFCDemo.h">
      <Filter>Header Files</Filter>
    </ClInclude>
    <ClInclude Include="C:\Users\Marty\Desktop\crashrpt2-master\demos\MFCDemo\MFCDemoDoc.h">
      <Filter>Header Files</Filter>
    </ClInclude>
    <ClInclude Include="C:\Users\Marty\Desktop\crashrpt2-master\demos\MFCDemo\MFCDemoView.h">
      <Filter>Header Files</Filter>
    </ClInclude>
    <ClInclude Include="C:\Users\Marty\Desktop\crashrpt2-master\demos\MFCDemo\MainFrm.h">
      <Filter>Header Files</Filter>
    </ClInclude>
    <ClInclude Include="C:\Users\Marty\Desktop\crashrpt2-master\demos\MFCDemo\Resource.h">
      <Filter>Header Files</Filter>
    </ClInclude>
    <ClInclude Include="C:\Users\Marty\Desktop\crashrpt2-master\demos\MFCDemo\stdafx.h">
      <Filter>Header Files</Filter>
    </ClInclude>
  </ItemGroup>
  <ItemGroup>
    <CustomBuild Include="C:\Users\Marty\Desktop\crashrpt2-master\demos\MFCDemo\CMakeLists.txt" />
  </ItemGroup>
  <ItemGroup>
    <ResourceCompile Include="C:\Users\Marty\Desktop\crashrpt2-master\demos\MFCDemo\MFCDemo.rc">
      <Filter>Source Files</Filter>
    </ResourceCompile>
  </ItemGroup>
  <ItemGroup>
    <Filter Include="Header Files">
      <UniqueIdentifier>{C3D22638-6403-3335-B2D0-AB14ED450640}</UniqueIdentifier>
    </Filter>
    <Filter Include="Source Files">
      <UniqueIdentifier>{0B77425C-EBF9-3C79-85D5-ECCD1C924DAB}</UniqueIdentifier>
    </Filter>
  </ItemGroup>
</Project>
